github.com/hack-pad/go-indexeddb v0.2.0/go.mod h1:NH8CaojufPNcKYDhy5JkjfyBXE/72oJPeiywlabN/lM=
github.com/hack-pad/hackpadfs v0.1.10 h1:ZoSVpvr06zVmEdgXz0yZLb9oZNA1SdE1EcYIiULuufw=
github.com/hack-pad/hackpadfs v0.1.10/go.mod h1:vxkKV6RBMwF6GWWlHz/Vgf8FGgfI2zts0Aew3/+THzA=
github.com/pkg/errors v0.9.1 h1:FEBLx1zS214owpjy7qsBeixbURkuhQAwrK5UwLGTwt4=
github.com/pkg/errors v0.9.1/go.mod h1:bwawxfHBFNV+L2hUp1rHADufV3IMtnDRdf1r5NINEl0=
